
Microsoft Visual Studio Solution File, Format Version 12.00
# Visual Studio 2013
VisualStudioVersion = 12.0.40629.0
MinimumVisualStudioVersion = 10.0.40219.1
Project("{FAE04EC0-301F-11D3-BF4B-00C04F79EFBC}") = "TinyCsv", "TinyCsv\TinyCsv.csproj", "{9735750B-CBEF-4F27-9BAB-1943D2FDB523}"
EndProject
Project("{FAE04EC0-301F-11D3-BF4B-00C04F79EFBC}") = "TinyCsv.Tests", "TinyCsv.Tests\TinyCsv.Tests.csproj", "{4838BB58-B8D8-41D3-B53C-9B82A06C4C62}"
EndProject
Global
	GlobalSection(SolutionConfigurationPlatforms) = preSolution
		Debug|Any CPU = Debug|Any CPU
		Release|Any CPU = Release|Any CPU
	EndGlobalSection
	GlobalSection(ProjectConfigurationPlatforms) = postSolution
		{9735750B-CBEF-4F27-9BAB-1943D2FDB523}.Debug|Any CPU.ActiveCfg = Debug|Any CPU
		{9735750B-CBEF-4F27-9BAB-1943D2FDB523}.Debug|Any CPU.Build.0 = Debug|Any CPU
		{9735750B-CBEF-4F27-9BAB-1943D2FDB523}.Release|Any CPU.ActiveCfg = Release|Any CPU
		{9735750B-CBEF-4F27-9BAB-1943D2FDB523}.Release|Any CPU.Build.0 = Release|Any CPU
		{4838BB58-B8D8-41D3-B53C-9B82A06C4C62}.Debug|Any CPU.ActiveCfg = Debug|Any CPU
		{4838BB58-B8D8-41D3-B53C-9B82A06C4C62}.Debug|Any CPU.Build.0 = Debug|Any CPU
		{4838BB58-B8D8-41D3-B53C-9B82A06C4C62}.Release|Any CPU.ActiveCfg = Release|Any CPU
		{4838BB58-B8D8-41D3-B53C-9B82A06C4C62}.Release|Any CPU.Build.0 = Release|Any CPU
	EndGlobalSection
	GlobalSection(SolutionProperties) = preSolution
		HideSolutionNode = FALSE
	EndGlobalSection
EndGlobal
